// !$*UTF8*$!
{
	archiveVersion = 1;
	classes = {
	};
	objectVersion = 46;
	objects = {

/* Begin PBXBuildFile section */
		0D7962EC40F8A25E58F2812C /* LogSubSystem.cpp in Sources */ = {isa = PBXBuildFile; fileRef = AFF7A1D4958EA90658D3B814 /* LogSubSystem.cpp */; };
		1FF31B01944D5FF31230E941 /* Application.cpp in Sources */ = {isa = PBXBuildFile; fileRef = 51B13D8963DB1A3B97CC03C9 /* Application.cpp */; };
		2EA8DE91F1693F034E9E1CD1 /* EntryPoint.cpp in Sources */ = {isa = PBXBuildFile; fileRef = FE044719E24B4F4B66387D59 /* EntryPoint.cpp */; };
		B54457E07BD24F52E9D47620 /* SandboxApp.cpp in Sources */ = {isa = PBXBuildFile; fileRef = 07E715E89D5DD51A0BFA2C28 /* SandboxApp.cpp */; };
/* End PBXBuildFile section */

/* Begin PBXFileReference section */
		07E715E89D5DD51A0BFA2C28 /* SandboxApp.cpp */ = {isa = PBXFileReference; lastKnownFileType = sourcecode.cpp.cpp; name = SandboxApp.cpp; path = Sandbox/SandboxApp.cpp; sourceTree = "<group>"; };
		51B13D8963DB1A3B97CC03C9 /* Application.cpp */ = {isa = PBXFileReference; lastKnownFileType = sourcecode.cpp.cpp; name = Application.cpp; path = EndGame/Src/Application.cpp; sourceTree = "<group>"; };
		5857541680920CC8682D9A56 /* EndGame.h */ = {isa = PBXFileReference; lastKnownFileType = sourcecode.c.h; name = EndGame.h; path = EndGame/EndGame.h; sourceTree = "<group>"; };
		AFF7A1D4958EA90658D3B814 /* LogSubSystem.cpp */ = {isa = PBXFileReference; lastKnownFileType = sourcecode.cpp.cpp; name = LogSubSystem.cpp; path = EndGame/Src/SubSystems/LogSubSystem/LogSubSystem.cpp; sourceTree = "<group>"; };
		D30AC75A775D650C8995AD9A /* EndGame */ = {isa = PBXFileReference; explicitFileType = "compiled.mach-o.executable"; includeInIndex = 0; name = EndGame; path = EndGame; sourceTree = BUILT_PRODUCTS_DIR; };
		DD54B45EC2EBBB908630CA9E /* LogSubSystem.hpp */ = {isa = PBXFileReference; lastKnownFileType = text; name = LogSubSystem.hpp; path = EndGame/Src/SubSystems/LogSubSystem/LogSubSystem.hpp; sourceTree = "<group>"; };
		DEE119B27457D8E4E2F42FF2 /* SandboxApp.hpp */ = {isa = PBXFileReference; lastKnownFileType = text; name = SandboxApp.hpp; path = Sandbox/SandboxApp.hpp; sourceTree = "<group>"; };
		ECA2C563D0E9CD9554D6FBA3 /* EntryPoint.hpp */ = {isa = PBXFileReference; lastKnownFileType = text; name = EntryPoint.hpp; path = EndGame/Src/EntryPoint.hpp; sourceTree = "<group>"; };
		F7B98C7309E369253DD452B3 /* Application.hpp */ = {isa = PBXFileReference; lastKnownFileType = text; name = Application.hpp; path = EndGame/Src/Application.hpp; sourceTree = "<group>"; };
		FE044719E24B4F4B66387D59 /* EntryPoint.cpp */ = {isa = PBXFileReference; lastKnownFileType = sourcecode.cpp.cpp; name = EntryPoint.cpp; path = EndGame/Src/EntryPoint.cpp; sourceTree = "<group>"; };
/* End PBXFileReference section */

/* Begin PBXFrameworksBuildPhase section */
		F45B1FCA446EB47CC6ECE60A /* Frameworks */ = {
			isa = PBXFrameworksBuildPhase;
			buildActionMask = 2147483647;
			files = (
			);
			runOnlyForDeploymentPostprocessing = 0;
		};
/* End PBXFrameworksBuildPhase section */

/* Begin PBXGroup section */
		2BDD27B8D02FC56AE2680DF8 /* Src */ = {
			isa = PBXGroup;
			children = (
				51B13D8963DB1A3B97CC03C9 /* Application.cpp */,
				F7B98C7309E369253DD452B3 /* Application.hpp */,
				FE044719E24B4F4B66387D59 /* EntryPoint.cpp */,
				ECA2C563D0E9CD9554D6FBA3 /* EntryPoint.hpp */,
				6C3A9383B99D89B52FBC89C3 /* SubSystems */,
			);
			name = Src;
			sourceTree = "<group>";
		};
		6C3A9383B99D89B52FBC89C3 /* SubSystems */ = {
			isa = PBXGroup;
			children = (
				C99FE2926B897E8462B090D2 /* LogSubSystem */,
			);
			name = SubSystems;
			sourceTree = "<group>";
		};
		89D269462E2506F8405D4F86 /* Sandbox */ = {
			isa = PBXGroup;
			children = (
				07E715E89D5DD51A0BFA2C28 /* SandboxApp.cpp */,
				DEE119B27457D8E4E2F42FF2 /* SandboxApp.hpp */,
			);
			name = Sandbox;
			sourceTree = "<group>";
		};
		A6C936B49B3FADE6EA134CF4 /* Products */ = {
			isa = PBXGroup;
			children = (
				D30AC75A775D650C8995AD9A /* EndGame */,
			);
			name = Products;
			sourceTree = "<group>";
		};
		AA37800A4E8A1DBC60C2664A /* EndGame */ = {
			isa = PBXGroup;
			children = (
				5857541680920CC8682D9A56 /* EndGame.h */,
				2BDD27B8D02FC56AE2680DF8 /* Src */,
			);
			name = EndGame;
			sourceTree = "<group>";
		};
		AE72E671417E3F6389B334B1 /* EndGame */ = {
			isa = PBXGroup;
			children = (
				AA37800A4E8A1DBC60C2664A /* EndGame */,
				89D269462E2506F8405D4F86 /* Sandbox */,
				A6C936B49B3FADE6EA134CF4 /* Products */,
			);
			name = EndGame;
			sourceTree = "<group>";
		};
		C99FE2926B897E8462B090D2 /* LogSubSystem */ = {
			isa = PBXGroup;
			children = (
				AFF7A1D4958EA90658D3B814 /* LogSubSystem.cpp */,
				DD54B45EC2EBBB908630CA9E /* LogSubSystem.hpp */,
			);
			name = LogSubSystem;
			sourceTree = "<group>";
		};
/* End PBXGroup section */

/* Begin PBXNativeTarget section */
		278A1C003446CB72A9313A40 /* EndGame */ = {
			isa = PBXNativeTarget;
			buildConfigurationList = E296682932A9FCDBB5282E69 /* Build configuration list for PBXNativeTarget "EndGame" */;
			buildPhases = (
				6442A06AB456351C36D466AA /* Resources */,
				CDEFB9C11E034E73A0818001 /* Sources */,
				F45B1FCA446EB47CC6ECE60A /* Frameworks */,
			);
			buildRules = (
			);
			dependencies = (
			);
			name = EndGame;
			productInstallPath = "$(HOME)/bin";
			productName = EndGame;
			productReference = D30AC75A775D650C8995AD9A /* EndGame */;
			productType = "com.apple.product-type.tool";
		};
/* End PBXNativeTarget section */

/* Begin PBXProject section */
		08FB7793FE84155DC02AAC07 /* Project object */ = {
			isa = PBXProject;
			buildConfigurationList = 1DEB928908733DD80010E9CD /* Build configuration list for PBXProject "EndGame" */;
			compatibilityVersion = "Xcode 3.2";
			hasScannedForEncodings = 1;
			mainGroup = AE72E671417E3F6389B334B1 /* EndGame */;
			projectDirPath = "";
			projectRoot = "";
			targets = (
				278A1C003446CB72A9313A40 /* EndGame */,
			);
		};
/* End PBXProject section */

/* Begin PBXResourcesBuildPhase section */
		6442A06AB456351C36D466AA /* Resources */ = {
			isa = PBXResourcesBuildPhase;
			buildActionMask = 2147483647;
			files = (
			);
			runOnlyForDeploymentPostprocessing = 0;
		};
/* End PBXResourcesBuildPhase section */

/* Begin PBXSourcesBuildPhase section */
		CDEFB9C11E034E73A0818001 /* Sources */ = {
			isa = PBXSourcesBuildPhase;
			buildActionMask = 2147483647;
			files = (
				1FF31B01944D5FF31230E941 /* Application.cpp in Sources */,
				2EA8DE91F1693F034E9E1CD1 /* EntryPoint.cpp in Sources */,
				0D7962EC40F8A25E58F2812C /* LogSubSystem.cpp in Sources */,
				B54457E07BD24F52E9D47620 /* SandboxApp.cpp in Sources */,
			);
			runOnlyForDeploymentPostprocessing = 0;
		};
/* End PBXSourcesBuildPhase section */

/* Begin PBXVariantGroup section */
/* End PBXVariantGroup section */

/* Begin XCBuildConfiguration section */
		0CDD2620B028AF52CAF97C60 /* Debug */ = {
			isa = XCBuildConfiguration;
			buildSettings = {
				ARCHS = "$(NATIVE_ARCH_ACTUAL)";
				CLANG_CXX_LANGUAGE_STANDARD = "c++1z";
				CONFIGURATION_BUILD_DIR = "$(SYMROOT)";
				CONFIGURATION_TEMP_DIR = "$(OBJROOT)";
				GCC_OPTIMIZATION_LEVEL = 0;
				GCC_PREPROCESSOR_DEFINITIONS = (
					EG_PLATFORM_OSX,
				);
				GCC_SYMBOLS_PRIVATE_EXTERN = NO;
				GCC_WARN_ABOUT_RETURN_TYPE = YES;
				GCC_WARN_UNUSED_VARIABLE = YES;
				HEADER_SEARCH_PATHS = (
					"${SRCROOT}/EndGame/vendor/spdlog/include",
					"$(inherited)",
				);
				OBJROOT = "bin-int/Debug-macosx-x86_64/EndGame";
				ONLY_ACTIVE_ARCH = NO;
				SYMROOT = "bin/Debug-macosx-x86_64/EndGame";
			};
			name = Debug;
		};
		0D6F026F339532219A9C28AF /* Debug */ = {
			isa = XCBuildConfiguration;
			buildSettings = {
				ALWAYS_SEARCH_USER_PATHS = NO;
				CONFIGURATION_BUILD_DIR = "bin/Debug-macosx-x86_64/EndGame";
				DEBUG_INFORMATION_FORMAT = "dwarf-with-dsym";
				GCC_DYNAMIC_NO_PIC = NO;
				INSTALL_PATH = /usr/local/bin;
				MACOSX_DEPLOYMENT_TARGET = "macOS 10.15";
				PRODUCT_NAME = EndGame;
			};
			name = Debug;
		};
		6BFC7529B46D595BF90C2B69 /* Release */ = {
			isa = XCBuildConfiguration;
			buildSettings = {
				ALWAYS_SEARCH_USER_PATHS = NO;
				CONFIGURATION_BUILD_DIR = "bin/Release-macosx-x86_64/EndGame";
				DEBUG_INFORMATION_FORMAT = "dwarf-with-dsym";
				GCC_DYNAMIC_NO_PIC = NO;
				INSTALL_PATH = /usr/local/bin;
				MACOSX_DEPLOYMENT_TARGET = "macOS 10.15";
				PRODUCT_NAME = EndGame;
			};
			name = Release;
		};
		A192594DF418843FC65CE78D /* Dist */ = {
			isa = XCBuildConfiguration;
			buildSettings = {
				ARCHS = "$(NATIVE_ARCH_ACTUAL)";
				CLANG_CXX_LANGUAGE_STANDARD = "c++1z";
				CONFIGURATION_BUILD_DIR = "$(SYMROOT)";
				CONFIGURATION_TEMP_DIR = "$(OBJROOT)";
				GCC_OPTIMIZATION_LEVEL = 0;
				GCC_PREPROCESSOR_DEFINITIONS = (
					EG_PLATFORM_OSX,
				);
				GCC_SYMBOLS_PRIVATE_EXTERN = NO;
				GCC_WARN_ABOUT_RETURN_TYPE = YES;
				GCC_WARN_UNUSED_VARIABLE = YES;
				HEADER_SEARCH_PATHS = (
					"${SRCROOT}/EndGame/vendor/spdlog/include",
					"$(inherited)",
				);
				OBJROOT = "bin-int/Dist-macosx-x86_64/EndGame";
				ONLY_ACTIVE_ARCH = NO;
				SYMROOT = "bin/Dist-macosx-x86_64/EndGame";
			};
			name = Dist;
		};
		AD27085A5179A60C63B1EE9A /* Release */ = {
			isa = XCBuildConfiguration;
			buildSettings = {
				ARCHS = "$(NATIVE_ARCH_ACTUAL)";
				CLANG_CXX_LANGUAGE_STANDARD = "c++1z";
				CONFIGURATION_BUILD_DIR = "$(SYMROOT)";
				CONFIGURATION_TEMP_DIR = "$(OBJROOT)";
				GCC_OPTIMIZATION_LEVEL = 0;
				GCC_PREPROCESSOR_DEFINITIONS = (
					EG_PLATFORM_OSX,
				);
				GCC_SYMBOLS_PRIVATE_EXTERN = NO;
				GCC_WARN_ABOUT_RETURN_TYPE = YES;
				GCC_WARN_UNUSED_VARIABLE = YES;
				HEADER_SEARCH_PATHS = (
					"${SRCROOT}/EndGame/vendor/spdlog/include",
					"$(inherited)",
				);
				OBJROOT = "bin-int/Release-macosx-x86_64/EndGame";
				ONLY_ACTIVE_ARCH = NO;
				SYMROOT = "bin/Release-macosx-x86_64/EndGame";
			};
			name = Release;
		};
		B1CBD1DCAB31D34E9ECD301C /* Dist */ = {
			isa = XCBuildConfiguration;
			buildSettings = {
				ALWAYS_SEARCH_USER_PATHS = NO;
				CONFIGURATION_BUILD_DIR = "bin/Dist-macosx-x86_64/EndGame";
				DEBUG_INFORMATION_FORMAT = "dwarf-with-dsym";
				GCC_DYNAMIC_NO_PIC = NO;
				INSTALL_PATH = /usr/local/bin;
				MACOSX_DEPLOYMENT_TARGET = "macOS 10.15";
				PRODUCT_NAME = EndGame;
			};
			name = Dist;
		};
/* End XCBuildConfiguration section */

/* Begin XCConfigurationList section */
		1DEB928908733DD80010E9CD /* Build configuration list for PBXProject "EndGame" */ = {
			isa = XCConfigurationList;
			buildConfigurations = (
				0CDD2620B028AF52CAF97C60 /* Debug */,
				AD27085A5179A60C63B1EE9A /* Release */,
				A192594DF418843FC65CE78D /* Dist */,
			);
			defaultConfigurationIsVisible = 0;
			defaultConfigurationName = Debug;
		};
		E296682932A9FCDBB5282E69 /* Build configuration list for PBXNativeTarget "EndGame" */ = {
			isa = XCConfigurationList;
			buildConfigurations = (
				0D6F026F339532219A9C28AF /* Debug */,
				6BFC7529B46D595BF90C2B69 /* Release */,
				B1CBD1DCAB31D34E9ECD301C /* Dist */,
			);
			defaultConfigurationIsVisible = 0;
			defaultConfigurationName = Debug;
		};
/* End XCConfigurationList section */
};
rootObject = 08FB7793FE84155DC02AAC07 /* Project object */;
}