// !$*UTF8*$!
{
	archiveVersion = 1;
	classes = {
	};
	objectVersion = 46;
	objects = {

/* Begin PBXBuildFile section */
		DB5B350C73D3227E9FBA134C /* LogSubSystem.cpp in Sources */ = {isa = PBXBuildFile; fileRef = 359D0BF4CFC101267FE6E234 /* LogSubSystem.cpp */; };
		E3ACCDB150D4DC235267CBF1 /* EntryPoint.cpp in Sources */ = {isa = PBXBuildFile; fileRef = B78C2E3904EF246B7B0E2479 /* EntryPoint.cpp */; };
		E4DA76213C3FE913EE4E0461 /* Application.cpp in Sources */ = {isa = PBXBuildFile; fileRef = E90290A91AFBDB5B94DB16E9 /* Application.cpp */; };
/* End PBXBuildFile section */

/* Begin PBXFileReference section */
		0FB35D36B2A183E841C76376 /* EndGame.h */ = {isa = PBXFileReference; lastKnownFileType = sourcecode.c.h; name = EndGame.h; path = EndGame/EndGame.h; sourceTree = "<group>"; };
		2D186F602DCB6C52A1AD3DA0 /* libEndGame.a */ = {isa = PBXFileReference; explicitFileType = archive.ar; includeInIndex = 0; name = libEndGame.a; path = libEndGame.a; sourceTree = BUILT_PRODUCTS_DIR; };
		359D0BF4CFC101267FE6E234 /* LogSubSystem.cpp */ = {isa = PBXFileReference; lastKnownFileType = sourcecode.cpp.cpp; name = LogSubSystem.cpp; path = EndGame/Src/SubSystems/LogSubSystem/LogSubSystem.cpp; sourceTree = "<group>"; };
		66FAF783B45DEDB52A7CEDC3 /* EntryPoint.hpp */ = {isa = PBXFileReference; lastKnownFileType = text; name = EntryPoint.hpp; path = EndGame/Src/EntryPoint.hpp; sourceTree = "<group>"; };
		69E48A939BDDD54515BD10D3 /* Application.hpp */ = {isa = PBXFileReference; lastKnownFileType = text; name = Application.hpp; path = EndGame/Src/Application.hpp; sourceTree = "<group>"; };
		819A297E1BBE1EB0CBE3FFBE /* LogSubSystem.hpp */ = {isa = PBXFileReference; lastKnownFileType = text; name = LogSubSystem.hpp; path = EndGame/Src/SubSystems/LogSubSystem/LogSubSystem.hpp; sourceTree = "<group>"; };
		B78C2E3904EF246B7B0E2479 /* EntryPoint.cpp */ = {isa = PBXFileReference; lastKnownFileType = sourcecode.cpp.cpp; name = EntryPoint.cpp; path = EndGame/Src/EntryPoint.cpp; sourceTree = "<group>"; };
		E90290A91AFBDB5B94DB16E9 /* Application.cpp */ = {isa = PBXFileReference; lastKnownFileType = sourcecode.cpp.cpp; name = Application.cpp; path = EndGame/Src/Application.cpp; sourceTree = "<group>"; };
/* End PBXFileReference section */

/* Begin PBXFrameworksBuildPhase section */
		C6B9B4D0F56008C24EA16310 /* Frameworks */ = {
			isa = PBXFrameworksBuildPhase;
			buildActionMask = 2147483647;
			files = (
			);
			runOnlyForDeploymentPostprocessing = 0;
		};
/* End PBXFrameworksBuildPhase section */

/* Begin PBXGroup section */
		502707D83C18138A8E4FAE18 /* Src */ = {
			isa = PBXGroup;
			children = (
				E90290A91AFBDB5B94DB16E9 /* Application.cpp */,
				69E48A939BDDD54515BD10D3 /* Application.hpp */,
				B78C2E3904EF246B7B0E2479 /* EntryPoint.cpp */,
				66FAF783B45DEDB52A7CEDC3 /* EntryPoint.hpp */,
				A9A265A3F21349D536B21BE3 /* SubSystems */,
			);
			name = Src;
			sourceTree = "<group>";
		};
		A6C936B49B3FADE6EA134CF4 /* Products */ = {
			isa = PBXGroup;
			children = (
				2D186F602DCB6C52A1AD3DA0 /* libEndGame.a */,
			);
			name = Products;
			sourceTree = "<group>";
		};
		A9A265A3F21349D536B21BE3 /* SubSystems */ = {
			isa = PBXGroup;
			children = (
				CDEC09B26079D3A4C95277F2 /* LogSubSystem */,
			);
			name = SubSystems;
			sourceTree = "<group>";
		};
		AE72E671417E3F6389B334B1 /* EndGame */ = {
			isa = PBXGroup;
			children = (
				0FB35D36B2A183E841C76376 /* EndGame.h */,
				502707D83C18138A8E4FAE18 /* Src */,
				A6C936B49B3FADE6EA134CF4 /* Products */,
			);
			name = EndGame;
			sourceTree = "<group>";
		};
		CDEC09B26079D3A4C95277F2 /* LogSubSystem */ = {
			isa = PBXGroup;
			children = (
				359D0BF4CFC101267FE6E234 /* LogSubSystem.cpp */,
				819A297E1BBE1EB0CBE3FFBE /* LogSubSystem.hpp */,
			);
			name = LogSubSystem;
			sourceTree = "<group>";
		};
/* End PBXGroup section */

/* Begin PBXNativeTarget section */
		96DFDB4639CE01F8C8F3E186 /* EndGame */ = {
			isa = PBXNativeTarget;
			buildConfigurationList = B4F4FD2FE39B51213CDCAB6F /* Build configuration list for PBXNativeTarget "EndGame" */;
			buildPhases = (
				36A1357065478962BE88E3B0 /* Resources */,
				A04E4EC7CEF4A2B92835FD07 /* Sources */,
				C6B9B4D0F56008C24EA16310 /* Frameworks */,
			);
			buildRules = (
			);
			dependencies = (
			);
			name = EndGame;
			productName = EndGame;
			productReference = 2D186F602DCB6C52A1AD3DA0 /* libEndGame.a */;
			productType = "com.apple.product-type.library.static";
		};
/* End PBXNativeTarget section */

/* Begin PBXProject section */
		08FB7793FE84155DC02AAC07 /* Project object */ = {
			isa = PBXProject;
			buildConfigurationList = 1DEB928908733DD80010E9CD /* Build configuration list for PBXProject "EndGame" */;
			compatibilityVersion = "Xcode 3.2";
			hasScannedForEncodings = 1;
			mainGroup = AE72E671417E3F6389B334B1 /* EndGame */;
			projectDirPath = "";
			projectRoot = "";
			targets = (
				96DFDB4639CE01F8C8F3E186 /* libEndGame.a */,
			);
		};
/* End PBXProject section */

/* Begin PBXResourcesBuildPhase section */
		36A1357065478962BE88E3B0 /* Resources */ = {
			isa = PBXResourcesBuildPhase;
			buildActionMask = 2147483647;
			files = (
			);
			runOnlyForDeploymentPostprocessing = 0;
		};
/* End PBXResourcesBuildPhase section */

/* Begin PBXSourcesBuildPhase section */
		A04E4EC7CEF4A2B92835FD07 /* Sources */ = {
			isa = PBXSourcesBuildPhase;
			buildActionMask = 2147483647;
			files = (
				E4DA76213C3FE913EE4E0461 /* Application.cpp in Sources */,
				E3ACCDB150D4DC235267CBF1 /* EntryPoint.cpp in Sources */,
				DB5B350C73D3227E9FBA134C /* LogSubSystem.cpp in Sources */,
			);
			runOnlyForDeploymentPostprocessing = 0;
		};
/* End PBXSourcesBuildPhase section */

/* Begin PBXVariantGroup section */
/* End PBXVariantGroup section */

/* Begin XCBuildConfiguration section */
		0CDD2620B028AF52CAF97C60 /* Debug */ = {
			isa = XCBuildConfiguration;
			buildSettings = {
				ARCHS = "$(NATIVE_ARCH_ACTUAL)";
				CLANG_CXX_LANGUAGE_STANDARD = "c++1z";
				CONFIGURATION_BUILD_DIR = "$(SYMROOT)";
				CONFIGURATION_TEMP_DIR = "$(OBJROOT)";
				GCC_OPTIMIZATION_LEVEL = 0;
				GCC_PREPROCESSOR_DEFINITIONS = (
					EG_PLATFORM_OSX,
				);
				GCC_SYMBOLS_PRIVATE_EXTERN = NO;
				GCC_WARN_ABOUT_RETURN_TYPE = YES;
				GCC_WARN_UNUSED_VARIABLE = YES;
				HEADER_SEARCH_PATHS = (
					"${SRCROOT}/EndGame/vendor/spdlog/include",
					"$(inherited)",
				);
				OBJROOT = "bin-int/Debug-macosx-x86_64/EndGame/Debug/EndGame";
				ONLY_ACTIVE_ARCH = NO;
				SYMROOT = "bin/Debug-macosx-x86_64/EndGame";
			};
			name = Debug;
		};
		5877772280B22FD4684DBD62 /* Dist */ = {
			isa = XCBuildConfiguration;
			buildSettings = {
				ALWAYS_SEARCH_USER_PATHS = NO;
				CONFIGURATION_BUILD_DIR = "bin/Dist-macosx-x86_64/EndGame";
				DEBUG_INFORMATION_FORMAT = "dwarf-with-dsym";
				GCC_DYNAMIC_NO_PIC = NO;
				INSTALL_PATH = /usr/local/lib;
				MACOSX_DEPLOYMENT_TARGET = "macOS 10.15";
				PRODUCT_NAME = EndGame;
			};
			name = Dist;
		};
		71685CAFCCA9B021A003FAEF /* Release */ = {
			isa = XCBuildConfiguration;
			buildSettings = {
				ALWAYS_SEARCH_USER_PATHS = NO;
				CONFIGURATION_BUILD_DIR = "bin/Release-macosx-x86_64/EndGame";
				DEBUG_INFORMATION_FORMAT = "dwarf-with-dsym";
				GCC_DYNAMIC_NO_PIC = NO;
				INSTALL_PATH = /usr/local/lib;
				MACOSX_DEPLOYMENT_TARGET = "macOS 10.15";
				PRODUCT_NAME = EndGame;
			};
			name = Release;
		};
		898F5075B9211F67942E5EB5 /* Debug */ = {
			isa = XCBuildConfiguration;
			buildSettings = {
				ALWAYS_SEARCH_USER_PATHS = NO;
				CONFIGURATION_BUILD_DIR = "bin/Debug-macosx-x86_64/EndGame";
				DEBUG_INFORMATION_FORMAT = "dwarf-with-dsym";
				GCC_DYNAMIC_NO_PIC = NO;
				INSTALL_PATH = /usr/local/lib;
				MACOSX_DEPLOYMENT_TARGET = "macOS 10.15";
				PRODUCT_NAME = EndGame;
			};
			name = Debug;
		};
		A192594DF418843FC65CE78D /* Dist */ = {
			isa = XCBuildConfiguration;
			buildSettings = {
				ARCHS = "$(NATIVE_ARCH_ACTUAL)";
				CLANG_CXX_LANGUAGE_STANDARD = "c++1z";
				CONFIGURATION_BUILD_DIR = "$(SYMROOT)";
				CONFIGURATION_TEMP_DIR = "$(OBJROOT)";
				GCC_OPTIMIZATION_LEVEL = 0;
				GCC_PREPROCESSOR_DEFINITIONS = (
					EG_PLATFORM_OSX,
				);
				GCC_SYMBOLS_PRIVATE_EXTERN = NO;
				GCC_WARN_ABOUT_RETURN_TYPE = YES;
				GCC_WARN_UNUSED_VARIABLE = YES;
				HEADER_SEARCH_PATHS = (
					"${SRCROOT}/EndGame/vendor/spdlog/include",
					"$(inherited)",
				);
				OBJROOT = "bin-int/Dist-macosx-x86_64/EndGame/Dist/EndGame";
				ONLY_ACTIVE_ARCH = NO;
				SYMROOT = "bin/Dist-macosx-x86_64/EndGame";
			};
			name = Dist;
		};
		AD27085A5179A60C63B1EE9A /* Release */ = {
			isa = XCBuildConfiguration;
			buildSettings = {
				ARCHS = "$(NATIVE_ARCH_ACTUAL)";
				CLANG_CXX_LANGUAGE_STANDARD = "c++1z";
				CONFIGURATION_BUILD_DIR = "$(SYMROOT)";
				CONFIGURATION_TEMP_DIR = "$(OBJROOT)";
				GCC_OPTIMIZATION_LEVEL = 0;
				GCC_PREPROCESSOR_DEFINITIONS = (
					EG_PLATFORM_OSX,
				);
				GCC_SYMBOLS_PRIVATE_EXTERN = NO;
				GCC_WARN_ABOUT_RETURN_TYPE = YES;
				GCC_WARN_UNUSED_VARIABLE = YES;
				HEADER_SEARCH_PATHS = (
					"${SRCROOT}/EndGame/vendor/spdlog/include",
					"$(inherited)",
				);
				OBJROOT = "bin-int/Release-macosx-x86_64/EndGame/Release/EndGame";
				ONLY_ACTIVE_ARCH = NO;
				SYMROOT = "bin/Release-macosx-x86_64/EndGame";
			};
			name = Release;
		};
/* End XCBuildConfiguration section */

/* Begin XCConfigurationList section */
		1DEB928908733DD80010E9CD /* Build configuration list for PBXProject "EndGame" */ = {
			isa = XCConfigurationList;
			buildConfigurations = (
				0CDD2620B028AF52CAF97C60 /* Debug */,
				AD27085A5179A60C63B1EE9A /* Release */,
				A192594DF418843FC65CE78D /* Dist */,
			);
			defaultConfigurationIsVisible = 0;
			defaultConfigurationName = Debug;
		};
		B4F4FD2FE39B51213CDCAB6F /* Build configuration list for PBXNativeTarget "libEndGame.a" */ = {
			isa = XCConfigurationList;
			buildConfigurations = (
				898F5075B9211F67942E5EB5 /* Debug */,
				71685CAFCCA9B021A003FAEF /* Release */,
				5877772280B22FD4684DBD62 /* Dist */,
			);
			defaultConfigurationIsVisible = 0;
			defaultConfigurationName = Debug;
		};
/* End XCConfigurationList section */
};
rootObject = 08FB7793FE84155DC02AAC07 /* Project object */;
}